
Microsoft Visual Studio Solution File, Format Version 12.00
# Visual Studio Version 16
VisualStudioVersion = 16.0.30114.105
MinimumVisualStudioVersion = 10.0.40219.1
Project("{9A19103F-16F7-4668-BE54-9A1E7A4F7556}") = "R5T.S0043", "R5T.S0043\R5T.S0043.csproj", "{6AC51065-CB04-451F-A0E4-8C14693A1115}"
EndProject
Project("{2150E333-8FDC-42A3-9474-1A3956D46DE8}") = "_Dependencies", "_Dependencies", "{CA05D040-20AA-4CCE-88DF-336E577A6ADD}"
EndProject
Project("{9A19103F-16F7-4668-BE54-9A1E7A4F7556}") = "R5T.T0132", "..\..\R5T.T0132\source\R5T.T0132\R5T.T0132.csproj", "{E2CBD07E-42E2-496F-81EC-F6C2CE7A53D9}"
EndProject
Project("{9A19103F-16F7-4668-BE54-9A1E7A4F7556}") = "R5T.L0003", "..\..\R5T.L0003\source\R5T.L0003\R5T.L0003.csproj", "{694FBCFA-567B-49D7-B9C1-85B898F339F8}"
EndProject
Project("{9A19103F-16F7-4668-BE54-9A1E7A4F7556}") = "R5T.L0019", "..\..\R5T.L0019\source\R5T.L0019\R5T.L0019.csproj", "{6581372C-C8C7-4CA6-9C52-4590F1CBE431}"
EndProject
Project("{9A19103F-16F7-4668-BE54-9A1E7A4F7556}") = "R5T.F0002", "..\..\R5T.F0002\source\R5T.F0002\R5T.F0002.csproj", "{FBA15EF1-2022-413C-B1A0-A2994BABA8B5}"
EndProject
Project("{9A19103F-16F7-4668-BE54-9A1E7A4F7556}") = "R5T.D0082.T000", "..\..\R5T.D0082\source\R5T.D0082.T000\R5T.D0082.T000.csproj", "{2FDA3B43-0EDA-430E-8B38-C308CD28ED0A}"
EndProject
Project("{9A19103F-16F7-4668-BE54-9A1E7A4F7556}") = "R5T.F0019", "..\..\R5T.F0019\source\R5T.F0019\R5T.F0019.csproj", "{A1402743-5811-4594-89D4-EA522C0F54E2}"
EndProject
Project("{9A19103F-16F7-4668-BE54-9A1E7A4F7556}") = "R5T.Aalborg", "..\..\R5T.Aalborg\source\R5T.Aalborg\R5T.Aalborg.csproj", "{BD3B3FAF-3DB5-4356-9C39-777BB353B5D2}"
EndProject
Project("{9A19103F-16F7-4668-BE54-9A1E7A4F7556}") = "R5T.F0000", "..\..\R5T.F0000\source\R5T.F0000\R5T.F0000.csproj", "{9B829824-F008-45DD-8802-9FEB111CFA1A}"
EndProject
Project("{9A19103F-16F7-4668-BE54-9A1E7A4F7556}") = "R5T.Z0000", "..\..\R5T.Z0000\source\R5T.Z0000\R5T.Z0000.csproj", "{E29EBFA1-C82C-44BE-AB92-7E384299645B}"
EndProject
Project("{9A19103F-16F7-4668-BE54-9A1E7A4F7556}") = "R5T.T0131", "..\..\R5T.T0131\source\R5T.T0131\R5T.T0131.csproj", "{A53A3884-4394-4FC9-A10B-D69EEFF98776}"
EndProject
Project("{9A19103F-16F7-4668-BE54-9A1E7A4F7556}") = "R5T.Y0000", "..\..\R5T.Y0000\source\R5T.Y0000\R5T.Y0000.csproj", "{FEA18DF3-2C37-4F53-9529-569B5B696CB5}"
EndProject
Project("{9A19103F-16F7-4668-BE54-9A1E7A4F7556}") = "R5T.Magyar", "..\..\R5T.Magyar\source\R5T.Magyar\R5T.Magyar.csproj", "{6D54BB9D-5E3B-43B4-8BC0-E9BAEF21B35F}"
EndProject
Project("{9A19103F-16F7-4668-BE54-9A1E7A4F7556}") = "R5T.Aalborg.Abstractions", "..\..\R5T.Aalborg\source\R5T.Aalborg.Abstractions\R5T.Aalborg.Abstractions.csproj", "{50CFB8DE-8E3C-4464-BA41-8693EEBCF6CD}"
EndProject
Project("{9A19103F-16F7-4668-BE54-9A1E7A4F7556}") = "R5T.L0001.Y000", "..\..\R5T.L0001\source\R5T.L0001.Y000\R5T.L0001.Y000.csproj", "{7B8D09DD-2062-46DF-B81F-F1C9E60F9022}"
EndProject
Project("{9A19103F-16F7-4668-BE54-9A1E7A4F7556}") = "R5T.L0001.Z000", "..\..\R5T.L0001\source\R5T.L0001.Z000\R5T.L0001.Z000.csproj", "{B6C01968-BEEA-4842-9AFD-089236B4BDE0}"
EndProject
Project("{9A19103F-16F7-4668-BE54-9A1E7A4F7556}") = "R5T.L0001", "..\..\R5T.L0001\source\R5T.L0001\R5T.L0001.csproj", "{3F7452BA-AACA-4B45-BDD7-D4C33CEBD242}"
EndProject
Project("{9A19103F-16F7-4668-BE54-9A1E7A4F7556}") = "R5T.T0041.X002", "..\..\R5T.T0041\source\R5T.T0041.X002\R5T.T0041.X002.csproj", "{0033336B-1FA8-49C7-B643-D2A8282EFC41}"
EndProject
Project("{9A19103F-16F7-4668-BE54-9A1E7A4F7556}") = "R5T.Magyar.T002.X000", "..\..\R5T.Magyar\source\R5T.Magyar.T002.X000\R5T.Magyar.T002.X000.csproj", "{90783CA6-354A-48DF-B558-A216D611C2D1}"
EndProject
Project("{9A19103F-16F7-4668-BE54-9A1E7A4F7556}") = "R5T.Magyar.T002", "..\..\R5T.Magyar\source\R5T.Magyar.T002\R5T.Magyar.T002.csproj", "{C4940E3F-8188-4BB2-9D45-33213F58F60E}"
EndProject
Project("{9A19103F-16F7-4668-BE54-9A1E7A4F7556}") = "R5T.T0039.T002", "..\..\R5T.T0039\source\R5T.T0039.T002\R5T.T0039.T002.csproj", "{7F01D47A-B9DA-4588-85AA-1D32ED6AEF36}"
EndProject
Project("{9A19103F-16F7-4668-BE54-9A1E7A4F7556}") = "R5T.T0021.X003", "..\..\R5T.T0021\source\R5T.T0021.X003\R5T.T0021.X003.csproj", "{B3252D93-0044-4527-91E7-FC0AD87B6ADE}"
EndProject
Project("{9A19103F-16F7-4668-BE54-9A1E7A4F7556}") = "R5T.T0021", "..\..\R5T.T0021\source\R5T.T0021\R5T.T0021.csproj", "{67B642D4-7861-48B3-8372-8121F23DFA0D}"
EndProject
Project("{9A19103F-16F7-4668-BE54-9A1E7A4F7556}") = "R5T.T0042.X001", "..\..\R5T.T0042\source\R5T.T0042.X001\R5T.T0042.X001.csproj", "{0DDBAD5E-458F-428A-89FE-89E9A62A890B}"
EndProject
Project("{9A19103F-16F7-4668-BE54-9A1E7A4F7556}") = "R5T.T0042", "..\..\R5T.T0042\source\R5T.T0042\R5T.T0042.csproj", "{D474C16D-2C9E-469D-AF71-7CD7EB403B6D}"
EndProject
Project("{9A19103F-16F7-4668-BE54-9A1E7A4F7556}") = "R5T.T0041.X001", "..\..\R5T.T0041\source\R5T.T0041.X001\R5T.T0041.X001.csproj", "{1886DD01-B01F-49D6-9AA5-CC890B0F8B7F}"
EndProject
Project("{9A19103F-16F7-4668-BE54-9A1E7A4F7556}") = "R5T.T0041", "..\..\R5T.T0041\source\R5T.T0041\R5T.T0041.csproj", "{57AE4585-0D5F-4B9C-A69E-36389852728B}"
EndProject
Project("{9A19103F-16F7-4668-BE54-9A1E7A4F7556}") = "R5T.Y0004", "..\..\R5T.Y0004\source\R5T.Y0004\R5T.Y0004.csproj", "{F9B396F8-B6E7-4F1B-9821-A5EA76D04B79}"
EndProject
Project("{9A19103F-16F7-4668-BE54-9A1E7A4F7556}") = "R5T.Z0005", "..\..\R5T.Z0005\source\R5T.Z0005\R5T.Z0005.csproj", "{83E0B45E-A705-412E-91DD-FEBB2DFC7392}"
EndProject
Project("{9A19103F-16F7-4668-BE54-9A1E7A4F7556}") = "R5T.L0017", "..\..\R5T.L0017\source\R5T.L0017\R5T.L0017.csproj", "{D9925CBE-2619-4103-BA1D-2CF9294FC211}"
EndProject
Project("{9A19103F-16F7-4668-BE54-9A1E7A4F7556}") = "R5T.F0024", "..\..\R5T.F0024\source\R5T.F0024\R5T.F0024.csproj", "{5AD6CFD8-36C5-4CAA-8367-B9F90AE1DC35}"
EndProject
Project("{9A19103F-16F7-4668-BE54-9A1E7A4F7556}") = "R5T.F0020", "..\..\R5T.F0020\source\R5T.F0020\R5T.F0020.csproj", "{3A17E5E5-09F5-4D49-98A8-E5BAFB5A294D}"
EndProject
Project("{9A19103F-16F7-4668-BE54-9A1E7A4F7556}") = "R5T.S0043.Library", "R5T.S0043.Library\R5T.S0043.Library.csproj", "{0AA3501C-25BD-4501-8580-879D034DF445}"
EndProject
Project("{9A19103F-16F7-4668-BE54-9A1E7A4F7556}") = "R5T.Z0009", "..\..\R5T.Z0009\source\R5T.Z0009\R5T.Z0009.csproj", "{3F439948-A18A-4756-AB46-A90579D80A27}"
EndProject
Project("{9A19103F-16F7-4668-BE54-9A1E7A4F7556}") = "R5T.F0024.T001", "..\..\R5T.F0024\source\R5T.F0024.T001\R5T.F0024.T001.csproj", "{149162DD-1718-496A-B1C4-63375100E9E2}"
EndProject
Project("{9A19103F-16F7-4668-BE54-9A1E7A4F7556}") = "R5T.T0146", "..\..\R5T.T0146\source\R5T.T0146\R5T.T0146.csproj", "{C27A0BB0-75E8-4C96-BCB8-BF7AB42DC033}"
EndProject
Project("{9A19103F-16F7-4668-BE54-9A1E7A4F7556}") = "R5T.F0032", "..\..\R5T.F0032\source\R5T.F0032\R5T.F0032.csproj", "{8B3BCB3C-4945-4317-AE7E-D0B6B3A05A3A}"
EndProject
Project("{9A19103F-16F7-4668-BE54-9A1E7A4F7556}") = "R5T.F0033", "..\..\R5T.F0033\source\R5T.F0033\R5T.F0033.csproj", "{C8F2D6D9-127C-4CFB-8DC3-83B0749603FE}"
EndProject
Project("{9A19103F-16F7-4668-BE54-9A1E7A4F7556}") = "R5T.T0046", "..\..\R5T.T0046\source\R5T.T0046\R5T.T0046.csproj", "{F3BFF227-0055-4A7E-B1F0-018BA0428E69}"
EndProject
Project("{9A19103F-16F7-4668-BE54-9A1E7A4F7556}") = "R5T.T0142", "..\..\R5T.T0142\source\R5T.T0142\R5T.T0142.csproj", "{EF8B0EA6-FB1F-42A3-A19D-0F978514D159}"
EndProject
Project("{9A19103F-16F7-4668-BE54-9A1E7A4F7556}") = "R5T.F0040", "..\..\R5T.F0040\source\R5T.F0040\R5T.F0040.csproj", "{8ADFE211-D385-4233-9202-235C5BB0A417}"
EndProject
Project("{9A19103F-16F7-4668-BE54-9A1E7A4F7556}") = "R5T.F0041", "..\..\R5T.F0041\source\R5T.F0041\R5T.F0041.csproj", "{98AB6D08-0898-49A1-A2E6-5CB6EB906AD0}"
EndProject
Project("{9A19103F-16F7-4668-BE54-9A1E7A4F7556}") = "R5T.F0042", "..\..\R5T.F0042\source\R5T.F0042\R5T.F0042.csproj", "{EDD2A6AE-79E5-4A75-8423-0DA06EF56916}"
EndProject
Global
	GlobalSection(SolutionConfigurationPlatforms) = preSolution
		Debug|Any CPU = Debug|Any CPU
		Debug|x64 = Debug|x64
		Debug|x86 = Debug|x86
		Release|Any CPU = Release|Any CPU
		Release|x64 = Release|x64
		Release|x86 = Release|x86
	EndGlobalSection
	GlobalSection(ProjectConfigurationPlatforms) = postSolution
		{6AC51065-CB04-451F-A0E4-8C14693A1115}.Debug|Any CPU.ActiveCfg = Debug|Any CPU
		{6AC51065-CB04-451F-A0E4-8C14693A1115}.Debug|Any CPU.Build.0 = Debug|Any CPU
		{6AC51065-CB04-451F-A0E4-8C14693A1115}.Debug|x64.ActiveCfg = Debug|Any CPU
		{6AC51065-CB04-451F-A0E4-8C14693A1115}.Debug|x64.Build.0 = Debug|Any CPU
		{6AC51065-CB04-451F-A0E4-8C14693A1115}.Debug|x86.ActiveCfg = Debug|Any CPU
		{6AC51065-CB04-451F-A0E4-8C14693A1115}.Debug|x86.Build.0 = Debug|Any CPU
		{6AC51065-CB04-451F-A0E4-8C14693A1115}.Release|Any CPU.ActiveCfg = Release|Any CPU
		{6AC51065-CB04-451F-A0E4-8C14693A1115}.Release|Any CPU.Build.0 = Release|Any CPU
		{6AC51065-CB04-451F-A0E4-8C14693A1115}.Release|x64.ActiveCfg = Release|Any CPU
		{6AC51065-CB04-451F-A0E4-8C14693A1115}.Release|x64.Build.0 = Release|Any CPU
		{6AC51065-CB04-451F-A0E4-8C14693A1115}.Release|x86.ActiveCfg = Release|Any CPU
		{6AC51065-CB04-451F-A0E4-8C14693A1115}.Release|x86.Build.0 = Release|Any CPU
		{E2CBD07E-42E2-496F-81EC-F6C2CE7A53D9}.Debug|Any CPU.ActiveCfg = Debug|Any CPU
		{E2CBD07E-42E2-496F-81EC-F6C2CE7A53D9}.Debug|Any CPU.Build.0 = Debug|Any CPU
		{E2CBD07E-42E2-496F-81EC-F6C2CE7A53D9}.Debug|x64.ActiveCfg = Debug|Any CPU
		{E2CBD07E-42E2-496F-81EC-F6C2CE7A53D9}.Debug|x64.Build.0 = Debug|Any CPU
		{E2CBD07E-42E2-496F-81EC-F6C2CE7A53D9}.Debug|x86.ActiveCfg = Debug|Any CPU
		{E2CBD07E-42E2-496F-81EC-F6C2CE7A53D9}.Debug|x86.Build.0 = Debug|Any CPU
		{E2CBD07E-42E2-496F-81EC-F6C2CE7A53D9}.Release|Any CPU.ActiveCfg = Release|Any CPU
		{E2CBD07E-42E2-496F-81EC-F6C2CE7A53D9}.Release|Any CPU.Build.0 = Release|Any CPU
		{E2CBD07E-42E2-496F-81EC-F6C2CE7A53D9}.Release|x64.ActiveCfg = Release|Any CPU
		{E2CBD07E-42E2-496F-81EC-F6C2CE7A53D9}.Release|x64.Build.0 = Release|Any CPU
		{E2CBD07E-42E2-496F-81EC-F6C2CE7A53D9}.Release|x86.ActiveCfg = Release|Any CPU
		{E2CBD07E-42E2-496F-81EC-F6C2CE7A53D9}.Release|x86.Build.0 = Release|Any CPU
		{694FBCFA-567B-49D7-B9C1-85B898F339F8}.Debug|Any CPU.ActiveCfg = Debug|Any CPU
		{694FBCFA-567B-49D7-B9C1-85B898F339F8}.Debug|Any CPU.Build.0 = Debug|Any CPU
		{694FBCFA-567B-49D7-B9C1-85B898F339F8}.Debug|x64.ActiveCfg = Debug|Any CPU
		{694FBCFA-567B-49D7-B9C1-85B898F339F8}.Debug|x64.Build.0 = Debug|Any CPU
		{694FBCFA-567B-49D7-B9C1-85B898F339F8}.Debug|x86.ActiveCfg = Debug|Any CPU
		{694FBCFA-567B-49D7-B9C1-85B898F339F8}.Debug|x86.Build.0 = Debug|Any CPU
		{694FBCFA-567B-49D7-B9C1-85B898F339F8}.Release|Any CPU.ActiveCfg = Release|Any CPU
		{694FBCFA-567B-49D7-B9C1-85B898F339F8}.Release|Any CPU.Build.0 = Release|Any CPU
		{694FBCFA-567B-49D7-B9C1-85B898F339F8}.Release|x64.ActiveCfg = Release|Any CPU
		{694FBCFA-567B-49D7-B9C1-85B898F339F8}.Release|x64.Build.0 = Release|Any CPU
		{694FBCFA-567B-49D7-B9C1-85B898F339F8}.Release|x86.ActiveCfg = Release|Any CPU
		{694FBCFA-567B-49D7-B9C1-85B898F339F8}.Release|x86.Build.0 = Release|Any CPU
		{6581372C-C8C7-4CA6-9C52-4590F1CBE431}.Debug|Any CPU.ActiveCfg = Debug|Any CPU
		{6581372C-C8C7-4CA6-9C52-4590F1CBE431}.Debug|Any CPU.Build.0 = Debug|Any CPU
		{6581372C-C8C7-4CA6-9C52-4590F1CBE431}.Debug|x64.ActiveCfg = Debug|Any CPU
		{6581372C-C8C7-4CA6-9C52-4590F1CBE431}.Debug|x64.Build.0 = Debug|Any CPU
		{6581372C-C8C7-4CA6-9C52-4590F1CBE431}.Debug|x86.ActiveCfg = Debug|Any CPU
		{6581372C-C8C7-4CA6-9C52-4590F1CBE431}.Debug|x86.Build.0 = Debug|Any CPU
		{6581372C-C8C7-4CA6-9C52-4590F1CBE431}.Release|Any CPU.ActiveCfg = Release|Any CPU
		{6581372C-C8C7-4CA6-9C52-4590F1CBE431}.Release|Any CPU.Build.0 = Release|Any CPU
		{6581372C-C8C7-4CA6-9C52-4590F1CBE431}.Release|x64.ActiveCfg = Release|Any CPU
		{6581372C-C8C7-4CA6-9C52-4590F1CBE431}.Release|x64.Build.0 = Release|Any CPU
		{6581372C-C8C7-4CA6-9C52-4590F1CBE431}.Release|x86.ActiveCfg = Release|Any CPU
		{6581372C-C8C7-4CA6-9C52-4590F1CBE431}.Release|x86.Build.0 = Release|Any CPU
		{FBA15EF1-2022-413C-B1A0-A2994BABA8B5}.Debug|Any CPU.ActiveCfg = Debug|Any CPU
		{FBA15EF1-2022-413C-B1A0-A2994BABA8B5}.Debug|Any CPU.Build.0 = Debug|Any CPU
		{FBA15EF1-2022-413C-B1A0-A2994BABA8B5}.Debug|x64.ActiveCfg = Debug|Any CPU
		{FBA15EF1-2022-413C-B1A0-A2994BABA8B5}.Debug|x64.Build.0 = Debug|Any CPU
		{FBA15EF1-2022-413C-B1A0-A2994BABA8B5}.Debug|x86.ActiveCfg = Debug|Any CPU
		{FBA15EF1-2022-413C-B1A0-A2994BABA8B5}.Debug|x86.Build.0 = Debug|Any CPU
		{FBA15EF1-2022-413C-B1A0-A2994BABA8B5}.Release|Any CPU.ActiveCfg = Release|Any CPU
		{FBA15EF1-2022-413C-B1A0-A2994BABA8B5}.Release|Any CPU.Build.0 = Release|Any CPU
		{FBA15EF1-2022-413C-B1A0-A2994BABA8B5}.Release|x64.ActiveCfg = Release|Any CPU
		{FBA15EF1-2022-413C-B1A0-A2994BABA8B5}.Release|x64.Build.0 = Release|Any CPU
		{FBA15EF1-2022-413C-B1A0-A2994BABA8B5}.Release|x86.ActiveCfg = Release|Any CPU
		{FBA15EF1-2022-413C-B1A0-A2994BABA8B5}.Release|x86.Build.0 = Release|Any CPU
		{2FDA3B43-0EDA-430E-8B38-C308CD28ED0A}.Debug|Any CPU.ActiveCfg = Debug|Any CPU
		{2FDA3B43-0EDA-430E-8B38-C308CD28ED0A}.Debug|Any CPU.Build.0 = Debug|Any CPU
		{2FDA3B43-0EDA-430E-8B38-C308CD28ED0A}.Debug|x64.ActiveCfg = Debug|Any CPU
		{2FDA3B43-0EDA-430E-8B38-C308CD28ED0A}.Debug|x64.Build.0 = Debug|Any CPU
		{2FDA3B43-0EDA-430E-8B38-C308CD28ED0A}.Debug|x86.ActiveCfg = Debug|Any CPU
		{2FDA3B43-0EDA-430E-8B38-C308CD28ED0A}.Debug|x86.Build.0 = Debug|Any CPU
		{2FDA3B43-0EDA-430E-8B38-C308CD28ED0A}.Release|Any CPU.ActiveCfg = Release|Any CPU
		{2FDA3B43-0EDA-430E-8B38-C308CD28ED0A}.Release|Any CPU.Build.0 = Release|Any CPU
		{2FDA3B43-0EDA-430E-8B38-C308CD28ED0A}.Release|x64.ActiveCfg = Release|Any CPU
		{2FDA3B43-0EDA-430E-8B38-C308CD28ED0A}.Release|x64.Build.0 = Release|Any CPU
		{2FDA3B43-0EDA-430E-8B38-C308CD28ED0A}.Release|x86.ActiveCfg = Release|Any CPU
		{2FDA3B43-0EDA-430E-8B38-C308CD28ED0A}.Release|x86.Build.0 = Release|Any CPU
		{A1402743-5811-4594-89D4-EA522C0F54E2}.Debug|Any CPU.ActiveCfg = Debug|Any CPU
		{A1402743-5811-4594-89D4-EA522C0F54E2}.Debug|Any CPU.Build.0 = Debug|Any CPU
		{A1402743-5811-4594-89D4-EA522C0F54E2}.Debug|x64.ActiveCfg = Debug|Any CPU
		{A1402743-5811-4594-89D4-EA522C0F54E2}.Debug|x64.Build.0 = Debug|Any CPU
		{A1402743-5811-4594-89D4-EA522C0F54E2}.Debug|x86.ActiveCfg = Debug|Any CPU
		{A1402743-5811-4594-89D4-EA522C0F54E2}.Debug|x86.Build.0 = Debug|Any CPU
		{A1402743-5811-4594-89D4-EA522C0F54E2}.Release|Any CPU.ActiveCfg = Release|Any CPU
		{A1402743-5811-4594-89D4-EA522C0F54E2}.Release|Any CPU.Build.0 = Release|Any CPU
		{A1402743-5811-4594-89D4-EA522C0F54E2}.Release|x64.ActiveCfg = Release|Any CPU
		{A1402743-5811-4594-89D4-EA522C0F54E2}.Release|x64.Build.0 = Release|Any CPU
		{A1402743-5811-4594-89D4-EA522C0F54E2}.Release|x86.ActiveCfg = Release|Any CPU
		{A1402743-5811-4594-89D4-EA522C0F54E2}.Release|x86.Build.0 = Release|Any CPU
		{BD3B3FAF-3DB5-4356-9C39-777BB353B5D2}.Debug|Any CPU.ActiveCfg = Debug|Any CPU
		{BD3B3FAF-3DB5-4356-9C39-777BB353B5D2}.Debug|Any CPU.Build.0 = Debug|Any CPU
		{BD3B3FAF-3DB5-4356-9C39-777BB353B5D2}.Debug|x64.ActiveCfg = Debug|Any CPU
		{BD3B3FAF-3DB5-4356-9C39-777BB353B5D2}.Debug|x64.Build.0 = Debug|Any CPU
		{BD3B3FAF-3DB5-4356-9C39-777BB353B5D2}.Debug|x86.ActiveCfg = Debug|Any CPU
		{BD3B3FAF-3DB5-4356-9C39-777BB353B5D2}.Debug|x86.Build.0 = Debug|Any CPU
		{BD3B3FAF-3DB5-4356-9C39-777BB353B5D2}.Release|Any CPU.ActiveCfg = Release|Any CPU
		{BD3B3FAF-3DB5-4356-9C39-777BB353B5D2}.Release|Any CPU.Build.0 = Release|Any CPU
		{BD3B3FAF-3DB5-4356-9C39-777BB353B5D2}.Release|x64.ActiveCfg = Release|Any CPU
		{BD3B3FAF-3DB5-4356-9C39-777BB353B5D2}.Release|x64.Build.0 = Release|Any CPU
		{BD3B3FAF-3DB5-4356-9C39-777BB353B5D2}.Release|x86.ActiveCfg = Release|Any CPU
		{BD3B3FAF-3DB5-4356-9C39-777BB353B5D2}.Release|x86.Build.0 = Release|Any CPU
		{9B829824-F008-45DD-8802-9FEB111CFA1A}.Debug|Any CPU.ActiveCfg = Debug|Any CPU
		{9B829824-F008-45DD-8802-9FEB111CFA1A}.Debug|Any CPU.Build.0 = Debug|Any CPU
		{9B829824-F008-45DD-8802-9FEB111CFA1A}.Debug|x64.ActiveCfg = Debug|Any CPU
		{9B829824-F008-45DD-8802-9FEB111CFA1A}.Debug|x64.Build.0 = Debug|Any CPU
		{9B829824-F008-45DD-8802-9FEB111CFA1A}.Debug|x86.ActiveCfg = Debug|Any CPU
		{9B829824-F008-45DD-8802-9FEB111CFA1A}.Debug|x86.Build.0 = Debug|Any CPU
		{9B829824-F008-45DD-8802-9FEB111CFA1A}.Release|Any CPU.ActiveCfg = Release|Any CPU
		{9B829824-F008-45DD-8802-9FEB111CFA1A}.Release|Any CPU.Build.0 = Release|Any CPU
		{9B829824-F008-45DD-8802-9FEB111CFA1A}.Release|x64.ActiveCfg = Release|Any CPU
		{9B829824-F008-45DD-8802-9FEB111CFA1A}.Release|x64.Build.0 = Release|Any CPU
		{9B829824-F008-45DD-8802-9FEB111CFA1A}.Release|x86.ActiveCfg = Release|Any CPU
		{9B829824-F008-45DD-8802-9FEB111CFA1A}.Release|x86.Build.0 = Release|Any CPU
		{E29EBFA1-C82C-44BE-AB92-7E384299645B}.Debug|Any CPU.ActiveCfg = Debug|Any CPU
		{E29EBFA1-C82C-44BE-AB92-7E384299645B}.Debug|Any CPU.Build.0 = Debug|Any CPU
		{E29EBFA1-C82C-44BE-AB92-7E384299645B}.Debug|x64.ActiveCfg = Debug|Any CPU
		{E29EBFA1-C82C-44BE-AB92-7E384299645B}.Debug|x64.Build.0 = Debug|Any CPU
		{E29EBFA1-C82C-44BE-AB92-7E384299645B}.Debug|x86.ActiveCfg = Debug|Any CPU
		{E29EBFA1-C82C-44BE-AB92-7E384299645B}.Debug|x86.Build.0 = Debug|Any CPU
		{E29EBFA1-C82C-44BE-AB92-7E384299645B}.Release|Any CPU.ActiveCfg = Release|Any CPU
		{E29EBFA1-C82C-44BE-AB92-7E384299645B}.Release|Any CPU.Build.0 = Release|Any CPU
		{E29EBFA1-C82C-44BE-AB92-7E384299645B}.Release|x64.ActiveCfg = Release|Any CPU
		{E29EBFA1-C82C-44BE-AB92-7E384299645B}.Release|x64.Build.0 = Release|Any CPU
		{E29EBFA1-C82C-44BE-AB92-7E384299645B}.Release|x86.ActiveCfg = Release|Any CPU
		{E29EBFA1-C82C-44BE-AB92-7E384299645B}.Release|x86.Build.0 = Release|Any CPU
		{A53A3884-4394-4FC9-A10B-D69EEFF98776}.Debug|Any CPU.ActiveCfg = Debug|Any CPU
		{A53A3884-4394-4FC9-A10B-D69EEFF98776}.Debug|Any CPU.Build.0 = Debug|Any CPU
		{A53A3884-4394-4FC9-A10B-D69EEFF98776}.Debug|x64.ActiveCfg = Debug|Any CPU
		{A53A3884-4394-4FC9-A10B-D69EEFF98776}.Debug|x64.Build.0 = Debug|Any CPU
		{A53A3884-4394-4FC9-A10B-D69EEFF98776}.Debug|x86.ActiveCfg = Debug|Any CPU
		{A53A3884-4394-4FC9-A10B-D69EEFF98776}.Debug|x86.Build.0 = Debug|Any CPU
		{A53A3884-4394-4FC9-A10B-D69EEFF98776}.Release|Any CPU.ActiveCfg = Release|Any CPU
		{A53A3884-4394-4FC9-A10B-D69EEFF98776}.Release|Any CPU.Build.0 = Release|Any CPU
		{A53A3884-4394-4FC9-A10B-D69EEFF98776}.Release|x64.ActiveCfg = Release|Any CPU
		{A53A3884-4394-4FC9-A10B-D69EEFF98776}.Release|x64.Build.0 = Release|Any CPU
		{A53A3884-4394-4FC9-A10B-D69EEFF98776}.Release|x86.ActiveCfg = Release|Any CPU
		{A53A3884-4394-4FC9-A10B-D69EEFF98776}.Release|x86.Build.0 = Release|Any CPU
		{FEA18DF3-2C37-4F53-9529-569B5B696CB5}.Debug|Any CPU.ActiveCfg = Debug|Any CPU
		{FEA18DF3-2C37-4F53-9529-569B5B696CB5}.Debug|Any CPU.Build.0 = Debug|Any CPU
		{FEA18DF3-2C37-4F53-9529-569B5B696CB5}.Debug|x64.ActiveCfg = Debug|Any CPU
		{FEA18DF3-2C37-4F53-9529-569B5B696CB5}.Debug|x64.Build.0 = Debug|Any CPU
		{FEA18DF3-2C37-4F53-9529-569B5B696CB5}.Debug|x86.ActiveCfg = Debug|Any CPU
		{FEA18DF3-2C37-4F53-9529-569B5B696CB5}.Debug|x86.Build.0 = Debug|Any CPU
		{FEA18DF3-2C37-4F53-9529-569B5B696CB5}.Release|Any CPU.ActiveCfg = Release|Any CPU
		{FEA18DF3-2C37-4F53-9529-569B5B696CB5}.Release|Any CPU.Build.0 = Release|Any CPU
		{FEA18DF3-2C37-4F53-9529-569B5B696CB5}.Release|x64.ActiveCfg = Release|Any CPU
		{FEA18DF3-2C37-4F53-9529-569B5B696CB5}.Release|x64.Build.0 = Release|Any CPU
		{FEA18DF3-2C37-4F53-9529-569B5B696CB5}.Release|x86.ActiveCfg = Release|Any CPU
		{FEA18DF3-2C37-4F53-9529-569B5B696CB5}.Release|x86.Build.0 = Release|Any CPU
		{6D54BB9D-5E3B-43B4-8BC0-E9BAEF21B35F}.Debug|Any CPU.ActiveCfg = Debug|Any CPU
		{6D54BB9D-5E3B-43B4-8BC0-E9BAEF21B35F}.Debug|Any CPU.Build.0 = Debug|Any CPU
		{6D54BB9D-5E3B-43B4-8BC0-E9BAEF21B35F}.Debug|x64.ActiveCfg = Debug|Any CPU
		{6D54BB9D-5E3B-43B4-8BC0-E9BAEF21B35F}.Debug|x64.Build.0 = Debug|Any CPU
		{6D54BB9D-5E3B-43B4-8BC0-E9BAEF21B35F}.Debug|x86.ActiveCfg = Debug|Any CPU
		{6D54BB9D-5E3B-43B4-8BC0-E9BAEF21B35F}.Debug|x86.Build.0 = Debug|Any CPU
		{6D54BB9D-5E3B-43B4-8BC0-E9BAEF21B35F}.Release|Any CPU.ActiveCfg = Release|Any CPU
		{6D54BB9D-5E3B-43B4-8BC0-E9BAEF21B35F}.Release|Any CPU.Build.0 = Release|Any CPU
		{6D54BB9D-5E3B-43B4-8BC0-E9BAEF21B35F}.Release|x64.ActiveCfg = Release|Any CPU
		{6D54BB9D-5E3B-43B4-8BC0-E9BAEF21B35F}.Release|x64.Build.0 = Release|Any CPU
		{6D54BB9D-5E3B-43B4-8BC0-E9BAEF21B35F}.Release|x86.ActiveCfg = Release|Any CPU
		{6D54BB9D-5E3B-43B4-8BC0-E9BAEF21B35F}.Release|x86.Build.0 = Release|Any CPU
		{50CFB8DE-8E3C-4464-BA41-8693EEBCF6CD}.Debug|Any CPU.ActiveCfg = Debug|Any CPU
		{50CFB8DE-8E3C-4464-BA41-8693EEBCF6CD}.Debug|Any CPU.Build.0 = Debug|Any CPU
		{50CFB8DE-8E3C-4464-BA41-8693EEBCF6CD}.Debug|x64.ActiveCfg = Debug|Any CPU
		{50CFB8DE-8E3C-4464-BA41-8693EEBCF6CD}.Debug|x64.Build.0 = Debug|Any CPU
		{50CFB8DE-8E3C-4464-BA41-8693EEBCF6CD}.Debug|x86.ActiveCfg = Debug|Any CPU
		{50CFB8DE-8E3C-4464-BA41-8693EEBCF6CD}.Debug|x86.Build.0 = Debug|Any CPU
		{50CFB8DE-8E3C-4464-BA41-8693EEBCF6CD}.Release|Any CPU.ActiveCfg = Release|Any CPU
		{50CFB8DE-8E3C-4464-BA41-8693EEBCF6CD}.Release|Any CPU.Build.0 = Release|Any CPU
		{50CFB8DE-8E3C-4464-BA41-8693EEBCF6CD}.Release|x64.ActiveCfg = Release|Any CPU
		{50CFB8DE-8E3C-4464-BA41-8693EEBCF6CD}.Release|x64.Build.0 = Release|Any CPU
		{50CFB8DE-8E3C-4464-BA41-8693EEBCF6CD}.Release|x86.ActiveCfg = Release|Any CPU
		{50CFB8DE-8E3C-4464-BA41-8693EEBCF6CD}.Release|x86.Build.0 = Release|Any CPU
		{7B8D09DD-2062-46DF-B81F-F1C9E60F9022}.Debug|Any CPU.ActiveCfg = Debug|Any CPU
		{7B8D09DD-2062-46DF-B81F-F1C9E60F9022}.Debug|Any CPU.Build.0 = Debug|Any CPU
		{7B8D09DD-2062-46DF-B81F-F1C9E60F9022}.Debug|x64.ActiveCfg = Debug|Any CPU
		{7B8D09DD-2062-46DF-B81F-F1C9E60F9022}.Debug|x64.Build.0 = Debug|Any CPU
		{7B8D09DD-2062-46DF-B81F-F1C9E60F9022}.Debug|x86.ActiveCfg = Debug|Any CPU
		{7B8D09DD-2062-46DF-B81F-F1C9E60F9022}.Debug|x86.Build.0 = Debug|Any CPU
		{7B8D09DD-2062-46DF-B81F-F1C9E60F9022}.Release|Any CPU.ActiveCfg = Release|Any CPU
		{7B8D09DD-2062-46DF-B81F-F1C9E60F9022}.Release|Any CPU.Build.0 = Release|Any CPU
		{7B8D09DD-2062-46DF-B81F-F1C9E60F9022}.Release|x64.ActiveCfg = Release|Any CPU
		{7B8D09DD-2062-46DF-B81F-F1C9E60F9022}.Release|x64.Build.0 = Release|Any CPU
		{7B8D09DD-2062-46DF-B81F-F1C9E60F9022}.Release|x86.ActiveCfg = Release|Any CPU
		{7B8D09DD-2062-46DF-B81F-F1C9E60F9022}.Release|x86.Build.0 = Release|Any CPU
		{B6C01968-BEEA-4842-9AFD-089236B4BDE0}.Debug|Any CPU.ActiveCfg = Debug|Any CPU
		{B6C01968-BEEA-4842-9AFD-089236B4BDE0}.Debug|Any CPU.Build.0 = Debug|Any CPU
		{B6C01968-BEEA-4842-9AFD-089236B4BDE0}.Debug|x64.ActiveCfg = Debug|Any CPU
		{B6C01968-BEEA-4842-9AFD-089236B4BDE0}.Debug|x64.Build.0 = Debug|Any CPU
		{B6C01968-BEEA-4842-9AFD-089236B4BDE0}.Debug|x86.ActiveCfg = Debug|Any CPU
		{B6C01968-BEEA-4842-9AFD-089236B4BDE0}.Debug|x86.Build.0 = Debug|Any CPU
		{B6C01968-BEEA-4842-9AFD-089236B4BDE0}.Release|Any CPU.ActiveCfg = Release|Any CPU
		{B6C01968-BEEA-4842-9AFD-089236B4BDE0}.Release|Any CPU.Build.0 = Release|Any CPU
		{B6C01968-BEEA-4842-9AFD-089236B4BDE0}.Release|x64.ActiveCfg = Release|Any CPU
		{B6C01968-BEEA-4842-9AFD-089236B4BDE0}.Release|x64.Build.0 = Release|Any CPU
		{B6C01968-BEEA-4842-9AFD-089236B4BDE0}.Release|x86.ActiveCfg = Release|Any CPU
		{B6C01968-BEEA-4842-9AFD-089236B4BDE0}.Release|x86.Build.0 = Release|Any CPU
		{3F7452BA-AACA-4B45-BDD7-D4C33CEBD242}.Debug|Any CPU.ActiveCfg = Debug|Any CPU
		{3F7452BA-AACA-4B45-BDD7-D4C33CEBD242}.Debug|Any CPU.Build.0 = Debug|Any CPU
		{3F7452BA-AACA-4B45-BDD7-D4C33CEBD242}.Debug|x64.ActiveCfg = Debug|Any CPU
		{3F7452BA-AACA-4B45-BDD7-D4C33CEBD242}.Debug|x64.Build.0 = Debug|Any CPU
		{3F7452BA-AACA-4B45-BDD7-D4C33CEBD242}.Debug|x86.ActiveCfg = Debug|Any CPU
		{3F7452BA-AACA-4B45-BDD7-D4C33CEBD242}.Debug|x86.Build.0 = Debug|Any CPU
		{3F7452BA-AACA-4B45-BDD7-D4C33CEBD242}.Release|Any CPU.ActiveCfg = Release|Any CPU
		{3F7452BA-AACA-4B45-BDD7-D4C33CEBD242}.Release|Any CPU.Build.0 = Release|Any CPU
		{3F7452BA-AACA-4B45-BDD7-D4C33CEBD242}.Release|x64.ActiveCfg = Release|Any CPU
		{3F7452BA-AACA-4B45-BDD7-D4C33CEBD242}.Release|x64.Build.0 = Release|Any CPU
		{3F7452BA-AACA-4B45-BDD7-D4C33CEBD242}.Release|x86.ActiveCfg = Release|Any CPU
		{3F7452BA-AACA-4B45-BDD7-D4C33CEBD242}.Release|x86.Build.0 = Release|Any CPU
		{0033336B-1FA8-49C7-B643-D2A8282EFC41}.Debug|Any CPU.ActiveCfg = Debug|Any CPU
		{0033336B-1FA8-49C7-B643-D2A8282EFC41}.Debug|Any CPU.Build.0 = Debug|Any CPU
		{0033336B-1FA8-49C7-B643-D2A8282EFC41}.Debug|x64.ActiveCfg = Debug|Any CPU
		{0033336B-1FA8-49C7-B643-D2A8282EFC41}.Debug|x64.Build.0 = Debug|Any CPU
		{0033336B-1FA8-49C7-B643-D2A8282EFC41}.Debug|x86.ActiveCfg = Debug|Any CPU
		{0033336B-1FA8-49C7-B643-D2A8282EFC41}.Debug|x86.Build.0 = Debug|Any CPU
		{0033336B-1FA8-49C7-B643-D2A8282EFC41}.Release|Any CPU.ActiveCfg = Release|Any CPU
		{0033336B-1FA8-49C7-B643-D2A8282EFC41}.Release|Any CPU.Build.0 = Release|Any CPU
		{0033336B-1FA8-49C7-B643-D2A8282EFC41}.Release|x64.ActiveCfg = Release|Any CPU
		{0033336B-1FA8-49C7-B643-D2A8282EFC41}.Release|x64.Build.0 = Release|Any CPU
		{0033336B-1FA8-49C7-B643-D2A8282EFC41}.Release|x86.ActiveCfg = Release|Any CPU
		{0033336B-1FA8-49C7-B643-D2A8282EFC41}.Release|x86.Build.0 = Release|Any CPU
		{90783CA6-354A-48DF-B558-A216D611C2D1}.Debug|Any CPU.ActiveCfg = Debug|Any CPU
		{90783CA6-354A-48DF-B558-A216D611C2D1}.Debug|Any CPU.Build.0 = Debug|Any CPU
		{90783CA6-354A-48DF-B558-A216D611C2D1}.Debug|x64.ActiveCfg = Debug|Any CPU
		{90783CA6-354A-48DF-B558-A216D611C2D1}.Debug|x64.Build.0 = Debug|Any CPU
		{90783CA6-354A-48DF-B558-A216D611C2D1}.Debug|x86.ActiveCfg = Debug|Any CPU
		{90783CA6-354A-48DF-B558-A216D611C2D1}.Debug|x86.Build.0 = Debug|Any CPU
		{90783CA6-354A-48DF-B558-A216D611C2D1}.Release|Any CPU.ActiveCfg = Release|Any CPU
		{90783CA6-354A-48DF-B558-A216D611C2D1}.Release|Any CPU.Build.0 = Release|Any CPU
		{90783CA6-354A-48DF-B558-A216D611C2D1}.Release|x64.ActiveCfg = Release|Any CPU
		{90783CA6-354A-48DF-B558-A216D611C2D1}.Release|x64.Build.0 = Release|Any CPU
		{90783CA6-354A-48DF-B558-A216D611C2D1}.Release|x86.ActiveCfg = Release|Any CPU
		{90783CA6-354A-48DF-B558-A216D611C2D1}.Release|x86.Build.0 = Release|Any CPU
		{C4940E3F-8188-4BB2-9D45-33213F58F60E}.Debug|Any CPU.ActiveCfg = Debug|Any CPU
		{C4940E3F-8188-4BB2-9D45-33213F58F60E}.Debug|Any CPU.Build.0 = Debug|Any CPU
		{C4940E3F-8188-4BB2-9D45-33213F58F60E}.Debug|x64.ActiveCfg = Debug|Any CPU
		{C4940E3F-8188-4BB2-9D45-33213F58F60E}.Debug|x64.Build.0 = Debug|Any CPU
		{C4940E3F-8188-4BB2-9D45-33213F58F60E}.Debug|x86.ActiveCfg = Debug|Any CPU
		{C4940E3F-8188-4BB2-9D45-33213F58F60E}.Debug|x86.Build.0 = Debug|Any CPU
		{C4940E3F-8188-4BB2-9D45-33213F58F60E}.Release|Any CPU.ActiveCfg = Release|Any CPU
		{C4940E3F-8188-4BB2-9D45-33213F58F60E}.Release|Any CPU.Build.0 = Release|Any CPU
		{C4940E3F-8188-4BB2-9D45-33213F58F60E}.Release|x64.ActiveCfg = Release|Any CPU
		{C4940E3F-8188-4BB2-9D45-33213F58F60E}.Release|x64.Build.0 = Release|Any CPU
		{C4940E3F-8188-4BB2-9D45-33213F58F60E}.Release|x86.ActiveCfg = Release|Any CPU
		{C4940E3F-8188-4BB2-9D45-33213F58F60E}.Release|x86.Build.0 = Release|Any CPU
		{7F01D47A-B9DA-4588-85AA-1D32ED6AEF36}.Debug|Any CPU.ActiveCfg = Debug|Any CPU
		{7F01D47A-B9DA-4588-85AA-1D32ED6AEF36}.Debug|Any CPU.Build.0 = Debug|Any CPU
		{7F01D47A-B9DA-4588-85AA-1D32ED6AEF36}.Debug|x64.ActiveCfg = Debug|Any CPU
		{7F01D47A-B9DA-4588-85AA-1D32ED6AEF36}.Debug|x64.Build.0 = Debug|Any CPU
		{7F01D47A-B9DA-4588-85AA-1D32ED6AEF36}.Debug|x86.ActiveCfg = Debug|Any CPU
		{7F01D47A-B9DA-4588-85AA-1D32ED6AEF36}.Debug|x86.Build.0 = Debug|Any CPU
		{7F01D47A-B9DA-4588-85AA-1D32ED6AEF36}.Release|Any CPU.ActiveCfg = Release|Any CPU
		{7F01D47A-B9DA-4588-85AA-1D32ED6AEF36}.Release|Any CPU.Build.0 = Release|Any CPU
		{7F01D47A-B9DA-4588-85AA-1D32ED6AEF36}.Release|x64.ActiveCfg = Release|Any CPU
		{7F01D47A-B9DA-4588-85AA-1D32ED6AEF36}.Release|x64.Build.0 = Release|Any CPU
		{7F01D47A-B9DA-4588-85AA-1D32ED6AEF36}.Release|x86.ActiveCfg = Release|Any CPU
		{7F01D47A-B9DA-4588-85AA-1D32ED6AEF36}.Release|x86.Build.0 = Release|Any CPU
		{B3252D93-0044-4527-91E7-FC0AD87B6ADE}.Debug|Any CPU.ActiveCfg = Debug|Any CPU
		{B3252D93-0044-4527-91E7-FC0AD87B6ADE}.Debug|Any CPU.Build.0 = Debug|Any CPU
		{B3252D93-0044-4527-91E7-FC0AD87B6ADE}.Debug|x64.ActiveCfg = Debug|Any CPU
		{B3252D93-0044-4527-91E7-FC0AD87B6ADE}.Debug|x64.Build.0 = Debug|Any CPU
		{B3252D93-0044-4527-91E7-FC0AD87B6ADE}.Debug|x86.ActiveCfg = Debug|Any CPU
		{B3252D93-0044-4527-91E7-FC0AD87B6ADE}.Debug|x86.Build.0 = Debug|Any CPU
		{B3252D93-0044-4527-91E7-FC0AD87B6ADE}.Release|Any CPU.ActiveCfg = Release|Any CPU
		{B3252D93-0044-4527-91E7-FC0AD87B6ADE}.Release|Any CPU.Build.0 = Release|Any CPU
		{B3252D93-0044-4527-91E7-FC0AD87B6ADE}.Release|x64.ActiveCfg = Release|Any CPU
		{B3252D93-0044-4527-91E7-FC0AD87B6ADE}.Release|x64.Build.0 = Release|Any CPU
		{B3252D93-0044-4527-91E7-FC0AD87B6ADE}.Release|x86.ActiveCfg = Release|Any CPU
		{B3252D93-0044-4527-91E7-FC0AD87B6ADE}.Release|x86.Build.0 = Release|Any CPU
		{67B642D4-7861-48B3-8372-8121F23DFA0D}.Debug|Any CPU.ActiveCfg = Debug|Any CPU
		{67B642D4-7861-48B3-8372-8121F23DFA0D}.Debug|Any CPU.Build.0 = Debug|Any CPU
		{67B642D4-7861-48B3-8372-8121F23DFA0D}.Debug|x64.ActiveCfg = Debug|Any CPU
		{67B642D4-7861-48B3-8372-8121F23DFA0D}.Debug|x64.Build.0 = Debug|Any CPU
		{67B642D4-7861-48B3-8372-8121F23DFA0D}.Debug|x86.ActiveCfg = Debug|Any CPU
		{67B642D4-7861-48B3-8372-8121F23DFA0D}.Debug|x86.Build.0 = Debug|Any CPU
		{67B642D4-7861-48B3-8372-8121F23DFA0D}.Release|Any CPU.ActiveCfg = Release|Any CPU
		{67B642D4-7861-48B3-8372-8121F23DFA0D}.Release|Any CPU.Build.0 = Release|Any CPU
		{67B642D4-7861-48B3-8372-8121F23DFA0D}.Release|x64.ActiveCfg = Release|Any CPU
		{67B642D4-7861-48B3-8372-8121F23DFA0D}.Release|x64.Build.0 = Release|Any CPU
		{67B642D4-7861-48B3-8372-8121F23DFA0D}.Release|x86.ActiveCfg = Release|Any CPU
		{67B642D4-7861-48B3-8372-8121F23DFA0D}.Release|x86.Build.0 = Release|Any CPU
		{0DDBAD5E-458F-428A-89FE-89E9A62A890B}.Debug|Any CPU.ActiveCfg = Debug|Any CPU
		{0DDBAD5E-458F-428A-89FE-89E9A62A890B}.Debug|Any CPU.Build.0 = Debug|Any CPU
		{0DDBAD5E-458F-428A-89FE-89E9A62A890B}.Debug|x64.ActiveCfg = Debug|Any CPU
		{0DDBAD5E-458F-428A-89FE-89E9A62A890B}.Debug|x64.Build.0 = Debug|Any CPU
		{0DDBAD5E-458F-428A-89FE-89E9A62A890B}.Debug|x86.ActiveCfg = Debug|Any CPU
		{0DDBAD5E-458F-428A-89FE-89E9A62A890B}.Debug|x86.Build.0 = Debug|Any CPU
		{0DDBAD5E-458F-428A-89FE-89E9A62A890B}.Release|Any CPU.ActiveCfg = Release|Any CPU
		{0DDBAD5E-458F-428A-89FE-89E9A62A890B}.Release|Any CPU.Build.0 = Release|Any CPU
		{0DDBAD5E-458F-428A-89FE-89E9A62A890B}.Release|x64.ActiveCfg = Release|Any CPU
		{0DDBAD5E-458F-428A-89FE-89E9A62A890B}.Release|x64.Build.0 = Release|Any CPU
		{0DDBAD5E-458F-428A-89FE-89E9A62A890B}.Release|x86.ActiveCfg = Release|Any CPU
		{0DDBAD5E-458F-428A-89FE-89E9A62A890B}.Release|x86.Build.0 = Release|Any CPU
		{D474C16D-2C9E-469D-AF71-7CD7EB403B6D}.Debug|Any CPU.ActiveCfg = Debug|Any CPU
		{D474C16D-2C9E-469D-AF71-7CD7EB403B6D}.Debug|Any CPU.Build.0 = Debug|Any CPU
		{D474C16D-2C9E-469D-AF71-7CD7EB403B6D}.Debug|x64.ActiveCfg = Debug|Any CPU
		{D474C16D-2C9E-469D-AF71-7CD7EB403B6D}.Debug|x64.Build.0 = Debug|Any CPU
		{D474C16D-2C9E-469D-AF71-7CD7EB403B6D}.Debug|x86.ActiveCfg = Debug|Any CPU
		{D474C16D-2C9E-469D-AF71-7CD7EB403B6D}.Debug|x86.Build.0 = Debug|Any CPU
		{D474C16D-2C9E-469D-AF71-7CD7EB403B6D}.Release|Any CPU.ActiveCfg = Release|Any CPU
		{D474C16D-2C9E-469D-AF71-7CD7EB403B6D}.Release|Any CPU.Build.0 = Release|Any CPU
		{D474C16D-2C9E-469D-AF71-7CD7EB403B6D}.Release|x64.ActiveCfg = Release|Any CPU
		{D474C16D-2C9E-469D-AF71-7CD7EB403B6D}.Release|x64.Build.0 = Release|Any CPU
		{D474C16D-2C9E-469D-AF71-7CD7EB403B6D}.Release|x86.ActiveCfg = Release|Any CPU
		{D474C16D-2C9E-469D-AF71-7CD7EB403B6D}.Release|x86.Build.0 = Release|Any CPU
		{1886DD01-B01F-49D6-9AA5-CC890B0F8B7F}.Debug|Any CPU.ActiveCfg = Debug|Any CPU
		{1886DD01-B01F-49D6-9AA5-CC890B0F8B7F}.Debug|Any CPU.Build.0 = Debug|Any CPU
		{1886DD01-B01F-49D6-9AA5-CC890B0F8B7F}.Debug|x64.ActiveCfg = Debug|Any CPU
		{1886DD01-B01F-49D6-9AA5-CC890B0F8B7F}.Debug|x64.Build.0 = Debug|Any CPU
		{1886DD01-B01F-49D6-9AA5-CC890B0F8B7F}.Debug|x86.ActiveCfg = Debug|Any CPU
		{1886DD01-B01F-49D6-9AA5-CC890B0F8B7F}.Debug|x86.Build.0 = Debug|Any CPU
		{1886DD01-B01F-49D6-9AA5-CC890B0F8B7F}.Release|Any CPU.ActiveCfg = Release|Any CPU
		{1886DD01-B01F-49D6-9AA5-CC890B0F8B7F}.Release|Any CPU.Build.0 = Release|Any CPU
		{1886DD01-B01F-49D6-9AA5-CC890B0F8B7F}.Release|x64.ActiveCfg = Release|Any CPU
		{1886DD01-B01F-49D6-9AA5-CC890B0F8B7F}.Release|x64.Build.0 = Release|Any CPU
		{1886DD01-B01F-49D6-9AA5-CC890B0F8B7F}.Release|x86.ActiveCfg = Release|Any CPU
		{1886DD01-B01F-49D6-9AA5-CC890B0F8B7F}.Release|x86.Build.0 = Release|Any CPU
		{57AE4585-0D5F-4B9C-A69E-36389852728B}.Debug|Any CPU.ActiveCfg = Debug|Any CPU
		{57AE4585-0D5F-4B9C-A69E-36389852728B}.Debug|Any CPU.Build.0 = Debug|Any CPU
		{57AE4585-0D5F-4B9C-A69E-36389852728B}.Debug|x64.ActiveCfg = Debug|Any CPU
		{57AE4585-0D5F-4B9C-A69E-36389852728B}.Debug|x64.Build.0 = Debug|Any CPU
		{57AE4585-0D5F-4B9C-A69E-36389852728B}.Debug|x86.ActiveCfg = Debug|Any CPU
		{57AE4585-0D5F-4B9C-A69E-36389852728B}.Debug|x86.Build.0 = Debug|Any CPU
		{57AE4585-0D5F-4B9C-A69E-36389852728B}.Release|Any CPU.ActiveCfg = Release|Any CPU
		{57AE4585-0D5F-4B9C-A69E-36389852728B}.Release|Any CPU.Build.0 = Release|Any CPU
		{57AE4585-0D5F-4B9C-A69E-36389852728B}.Release|x64.ActiveCfg = Release|Any CPU
		{57AE4585-0D5F-4B9C-A69E-36389852728B}.Release|x64.Build.0 = Release|Any CPU
		{57AE4585-0D5F-4B9C-A69E-36389852728B}.Release|x86.ActiveCfg = Release|Any CPU
		{57AE4585-0D5F-4B9C-A69E-36389852728B}.Release|x86.Build.0 = Release|Any CPU
		{F9B396F8-B6E7-4F1B-9821-A5EA76D04B79}.Debug|Any CPU.ActiveCfg = Debug|Any CPU
		{F9B396F8-B6E7-4F1B-9821-A5EA76D04B79}.Debug|Any CPU.Build.0 = Debug|Any CPU
		{F9B396F8-B6E7-4F1B-9821-A5EA76D04B79}.Debug|x64.ActiveCfg = Debug|Any CPU
		{F9B396F8-B6E7-4F1B-9821-A5EA76D04B79}.Debug|x64.Build.0 = Debug|Any CPU
		{F9B396F8-B6E7-4F1B-9821-A5EA76D04B79}.Debug|x86.ActiveCfg = Debug|Any CPU
		{F9B396F8-B6E7-4F1B-9821-A5EA76D04B79}.Debug|x86.Build.0 = Debug|Any CPU
		{F9B396F8-B6E7-4F1B-9821-A5EA76D04B79}.Release|Any CPU.ActiveCfg = Release|Any CPU
		{F9B396F8-B6E7-4F1B-9821-A5EA76D04B79}.Release|Any CPU.Build.0 = Release|Any CPU
		{F9B396F8-B6E7-4F1B-9821-A5EA76D04B79}.Release|x64.ActiveCfg = Release|Any CPU
		{F9B396F8-B6E7-4F1B-9821-A5EA76D04B79}.Release|x64.Build.0 = Release|Any CPU
		{F9B396F8-B6E7-4F1B-9821-A5EA76D04B79}.Release|x86.ActiveCfg = Release|Any CPU
		{F9B396F8-B6E7-4F1B-9821-A5EA76D04B79}.Release|x86.Build.0 = Release|Any CPU
		{83E0B45E-A705-412E-91DD-FEBB2DFC7392}.Debug|Any CPU.ActiveCfg = Debug|Any CPU
		{83E0B45E-A705-412E-91DD-FEBB2DFC7392}.Debug|Any CPU.Build.0 = Debug|Any CPU
		{83E0B45E-A705-412E-91DD-FEBB2DFC7392}.Debug|x64.ActiveCfg = Debug|Any CPU
		{83E0B45E-A705-412E-91DD-FEBB2DFC7392}.Debug|x64.Build.0 = Debug|Any CPU
		{83E0B45E-A705-412E-91DD-FEBB2DFC7392}.Debug|x86.ActiveCfg = Debug|Any CPU
		{83E0B45E-A705-412E-91DD-FEBB2DFC7392}.Debug|x86.Build.0 = Debug|Any CPU
		{83E0B45E-A705-412E-91DD-FEBB2DFC7392}.Release|Any CPU.ActiveCfg = Release|Any CPU
		{83E0B45E-A705-412E-91DD-FEBB2DFC7392}.Release|Any CPU.Build.0 = Release|Any CPU
		{83E0B45E-A705-412E-91DD-FEBB2DFC7392}.Release|x64.ActiveCfg = Release|Any CPU
		{83E0B45E-A705-412E-91DD-FEBB2DFC7392}.Release|x64.Build.0 = Release|Any CPU
		{83E0B45E-A705-412E-91DD-FEBB2DFC7392}.Release|x86.ActiveCfg = Release|Any CPU
		{83E0B45E-A705-412E-91DD-FEBB2DFC7392}.Release|x86.Build.0 = Release|Any CPU
		{D9925CBE-2619-4103-BA1D-2CF9294FC211}.Debug|Any CPU.ActiveCfg = Debug|Any CPU
		{D9925CBE-2619-4103-BA1D-2CF9294FC211}.Debug|Any CPU.Build.0 = Debug|Any CPU
		{D9925CBE-2619-4103-BA1D-2CF9294FC211}.Debug|x64.ActiveCfg = Debug|Any CPU
		{D9925CBE-2619-4103-BA1D-2CF9294FC211}.Debug|x64.Build.0 = Debug|Any CPU
		{D9925CBE-2619-4103-BA1D-2CF9294FC211}.Debug|x86.ActiveCfg = Debug|Any CPU
		{D9925CBE-2619-4103-BA1D-2CF9294FC211}.Debug|x86.Build.0 = Debug|Any CPU
		{D9925CBE-2619-4103-BA1D-2CF9294FC211}.Release|Any CPU.ActiveCfg = Release|Any CPU
		{D9925CBE-2619-4103-BA1D-2CF9294FC211}.Release|Any CPU.Build.0 = Release|Any CPU
		{D9925CBE-2619-4103-BA1D-2CF9294FC211}.Release|x64.ActiveCfg = Release|Any CPU
		{D9925CBE-2619-4103-BA1D-2CF9294FC211}.Release|x64.Build.0 = Release|Any CPU
		{D9925CBE-2619-4103-BA1D-2CF9294FC211}.Release|x86.ActiveCfg = Release|Any CPU
		{D9925CBE-2619-4103-BA1D-2CF9294FC211}.Release|x86.Build.0 = Release|Any CPU
		{5AD6CFD8-36C5-4CAA-8367-B9F90AE1DC35}.Debug|Any CPU.ActiveCfg = Debug|Any CPU
		{5AD6CFD8-36C5-4CAA-8367-B9F90AE1DC35}.Debug|Any CPU.Build.0 = Debug|Any CPU
		{5AD6CFD8-36C5-4CAA-8367-B9F90AE1DC35}.Debug|x64.ActiveCfg = Debug|Any CPU
		{5AD6CFD8-36C5-4CAA-8367-B9F90AE1DC35}.Debug|x64.Build.0 = Debug|Any CPU
		{5AD6CFD8-36C5-4CAA-8367-B9F90AE1DC35}.Debug|x86.ActiveCfg = Debug|Any CPU
		{5AD6CFD8-36C5-4CAA-8367-B9F90AE1DC35}.Debug|x86.Build.0 = Debug|Any CPU
		{5AD6CFD8-36C5-4CAA-8367-B9F90AE1DC35}.Release|Any CPU.ActiveCfg = Release|Any CPU
		{5AD6CFD8-36C5-4CAA-8367-B9F90AE1DC35}.Release|Any CPU.Build.0 = Release|Any CPU
		{5AD6CFD8-36C5-4CAA-8367-B9F90AE1DC35}.Release|x64.ActiveCfg = Release|Any CPU
		{5AD6CFD8-36C5-4CAA-8367-B9F90AE1DC35}.Release|x64.Build.0 = Release|Any CPU
		{5AD6CFD8-36C5-4CAA-8367-B9F90AE1DC35}.Release|x86.ActiveCfg = Release|Any CPU
		{5AD6CFD8-36C5-4CAA-8367-B9F90AE1DC35}.Release|x86.Build.0 = Release|Any CPU
		{3A17E5E5-09F5-4D49-98A8-E5BAFB5A294D}.Debug|Any CPU.ActiveCfg = Debug|Any CPU
		{3A17E5E5-09F5-4D49-98A8-E5BAFB5A294D}.Debug|Any CPU.Build.0 = Debug|Any CPU
		{3A17E5E5-09F5-4D49-98A8-E5BAFB5A294D}.Debug|x64.ActiveCfg = Debug|Any CPU
		{3A17E5E5-09F5-4D49-98A8-E5BAFB5A294D}.Debug|x64.Build.0 = Debug|Any CPU
		{3A17E5E5-09F5-4D49-98A8-E5BAFB5A294D}.Debug|x86.ActiveCfg = Debug|Any CPU
		{3A17E5E5-09F5-4D49-98A8-E5BAFB5A294D}.Debug|x86.Build.0 = Debug|Any CPU
		{3A17E5E5-09F5-4D49-98A8-E5BAFB5A294D}.Release|Any CPU.ActiveCfg = Release|Any CPU
		{3A17E5E5-09F5-4D49-98A8-E5BAFB5A294D}.Release|Any CPU.Build.0 = Release|Any CPU
		{3A17E5E5-09F5-4D49-98A8-E5BAFB5A294D}.Release|x64.ActiveCfg = Release|Any CPU
		{3A17E5E5-09F5-4D49-98A8-E5BAFB5A294D}.Release|x64.Build.0 = Release|Any CPU
		{3A17E5E5-09F5-4D49-98A8-E5BAFB5A294D}.Release|x86.ActiveCfg = Release|Any CPU
		{3A17E5E5-09F5-4D49-98A8-E5BAFB5A294D}.Release|x86.Build.0 = Release|Any CPU
		{0AA3501C-25BD-4501-8580-879D034DF445}.Debug|Any CPU.ActiveCfg = Debug|Any CPU
		{0AA3501C-25BD-4501-8580-879D034DF445}.Debug|Any CPU.Build.0 = Debug|Any CPU
		{0AA3501C-25BD-4501-8580-879D034DF445}.Debug|x64.ActiveCfg = Debug|Any CPU
		{0AA3501C-25BD-4501-8580-879D034DF445}.Debug|x64.Build.0 = Debug|Any CPU
		{0AA3501C-25BD-4501-8580-879D034DF445}.Debug|x86.ActiveCfg = Debug|Any CPU
		{0AA3501C-25BD-4501-8580-879D034DF445}.Debug|x86.Build.0 = Debug|Any CPU
		{0AA3501C-25BD-4501-8580-879D034DF445}.Release|Any CPU.ActiveCfg = Release|Any CPU
		{0AA3501C-25BD-4501-8580-879D034DF445}.Release|Any CPU.Build.0 = Release|Any CPU
		{0AA3501C-25BD-4501-8580-879D034DF445}.Release|x64.ActiveCfg = Release|Any CPU
		{0AA3501C-25BD-4501-8580-879D034DF445}.Release|x64.Build.0 = Release|Any CPU
		{0AA3501C-25BD-4501-8580-879D034DF445}.Release|x86.ActiveCfg = Release|Any CPU
		{0AA3501C-25BD-4501-8580-879D034DF445}.Release|x86.Build.0 = Release|Any CPU
		{3F439948-A18A-4756-AB46-A90579D80A27}.Debug|Any CPU.ActiveCfg = Debug|Any CPU
		{3F439948-A18A-4756-AB46-A90579D80A27}.Debug|Any CPU.Build.0 = Debug|Any CPU
		{3F439948-A18A-4756-AB46-A90579D80A27}.Debug|x64.ActiveCfg = Debug|Any CPU
		{3F439948-A18A-4756-AB46-A90579D80A27}.Debug|x64.Build.0 = Debug|Any CPU
		{3F439948-A18A-4756-AB46-A90579D80A27}.Debug|x86.ActiveCfg = Debug|Any CPU
		{3F439948-A18A-4756-AB46-A90579D80A27}.Debug|x86.Build.0 = Debug|Any CPU
		{3F439948-A18A-4756-AB46-A90579D80A27}.Release|Any CPU.ActiveCfg = Release|Any CPU
		{3F439948-A18A-4756-AB46-A90579D80A27}.Release|Any CPU.Build.0 = Release|Any CPU
		{3F439948-A18A-4756-AB46-A90579D80A27}.Release|x64.ActiveCfg = Release|Any CPU
		{3F439948-A18A-4756-AB46-A90579D80A27}.Release|x64.Build.0 = Release|Any CPU
		{3F439948-A18A-4756-AB46-A90579D80A27}.Release|x86.ActiveCfg = Release|Any CPU
		{3F439948-A18A-4756-AB46-A90579D80A27}.Release|x86.Build.0 = Release|Any CPU
		{149162DD-1718-496A-B1C4-63375100E9E2}.Debug|Any CPU.ActiveCfg = Debug|Any CPU
		{149162DD-1718-496A-B1C4-63375100E9E2}.Debug|Any CPU.Build.0 = Debug|Any CPU
		{149162DD-1718-496A-B1C4-63375100E9E2}.Debug|x64.ActiveCfg = Debug|Any CPU
		{149162DD-1718-496A-B1C4-63375100E9E2}.Debug|x64.Build.0 = Debug|Any CPU
		{149162DD-1718-496A-B1C4-63375100E9E2}.Debug|x86.ActiveCfg = Debug|Any CPU
		{149162DD-1718-496A-B1C4-63375100E9E2}.Debug|x86.Build.0 = Debug|Any CPU
		{149162DD-1718-496A-B1C4-63375100E9E2}.Release|Any CPU.ActiveCfg = Release|Any CPU
		{149162DD-1718-496A-B1C4-63375100E9E2}.Release|Any CPU.Build.0 = Release|Any CPU
		{149162DD-1718-496A-B1C4-63375100E9E2}.Release|x64.ActiveCfg = Release|Any CPU
		{149162DD-1718-496A-B1C4-63375100E9E2}.Release|x64.Build.0 = Release|Any CPU
		{149162DD-1718-496A-B1C4-63375100E9E2}.Release|x86.ActiveCfg = Release|Any CPU
		{149162DD-1718-496A-B1C4-63375100E9E2}.Release|x86.Build.0 = Release|Any CPU
		{C27A0BB0-75E8-4C96-BCB8-BF7AB42DC033}.Debug|Any CPU.ActiveCfg = Debug|Any CPU
		{C27A0BB0-75E8-4C96-BCB8-BF7AB42DC033}.Debug|Any CPU.Build.0 = Debug|Any CPU
		{C27A0BB0-75E8-4C96-BCB8-BF7AB42DC033}.Debug|x64.ActiveCfg = Debug|Any CPU
		{C27A0BB0-75E8-4C96-BCB8-BF7AB42DC033}.Debug|x64.Build.0 = Debug|Any CPU
		{C27A0BB0-75E8-4C96-BCB8-BF7AB42DC033}.Debug|x86.ActiveCfg = Debug|Any CPU
		{C27A0BB0-75E8-4C96-BCB8-BF7AB42DC033}.Debug|x86.Build.0 = Debug|Any CPU
		{C27A0BB0-75E8-4C96-BCB8-BF7AB42DC033}.Release|Any CPU.ActiveCfg = Release|Any CPU
		{C27A0BB0-75E8-4C96-BCB8-BF7AB42DC033}.Release|Any CPU.Build.0 = Release|Any CPU
		{C27A0BB0-75E8-4C96-BCB8-BF7AB42DC033}.Release|x64.ActiveCfg = Release|Any CPU
		{C27A0BB0-75E8-4C96-BCB8-BF7AB42DC033}.Release|x64.Build.0 = Release|Any CPU
		{C27A0BB0-75E8-4C96-BCB8-BF7AB42DC033}.Release|x86.ActiveCfg = Release|Any CPU
		{C27A0BB0-75E8-4C96-BCB8-BF7AB42DC033}.Release|x86.Build.0 = Release|Any CPU
		{8B3BCB3C-4945-4317-AE7E-D0B6B3A05A3A}.Debug|Any CPU.ActiveCfg = Debug|Any CPU
		{8B3BCB3C-4945-4317-AE7E-D0B6B3A05A3A}.Debug|Any CPU.Build.0 = Debug|Any CPU
		{8B3BCB3C-4945-4317-AE7E-D0B6B3A05A3A}.Debug|x64.ActiveCfg = Debug|Any CPU
		{8B3BCB3C-4945-4317-AE7E-D0B6B3A05A3A}.Debug|x64.Build.0 = Debug|Any CPU
		{8B3BCB3C-4945-4317-AE7E-D0B6B3A05A3A}.Debug|x86.ActiveCfg = Debug|Any CPU
		{8B3BCB3C-4945-4317-AE7E-D0B6B3A05A3A}.Debug|x86.Build.0 = Debug|Any CPU
		{8B3BCB3C-4945-4317-AE7E-D0B6B3A05A3A}.Release|Any CPU.ActiveCfg = Release|Any CPU
		{8B3BCB3C-4945-4317-AE7E-D0B6B3A05A3A}.Release|Any CPU.Build.0 = Release|Any CPU
		{8B3BCB3C-4945-4317-AE7E-D0B6B3A05A3A}.Release|x64.ActiveCfg = Release|Any CPU
		{8B3BCB3C-4945-4317-AE7E-D0B6B3A05A3A}.Release|x64.Build.0 = Release|Any CPU
		{8B3BCB3C-4945-4317-AE7E-D0B6B3A05A3A}.Release|x86.ActiveCfg = Release|Any CPU
		{8B3BCB3C-4945-4317-AE7E-D0B6B3A05A3A}.Release|x86.Build.0 = Release|Any CPU
		{C8F2D6D9-127C-4CFB-8DC3-83B0749603FE}.Debug|Any CPU.ActiveCfg = Debug|Any CPU
		{C8F2D6D9-127C-4CFB-8DC3-83B0749603FE}.Debug|Any CPU.Build.0 = Debug|Any CPU
		{C8F2D6D9-127C-4CFB-8DC3-83B0749603FE}.Debug|x64.ActiveCfg = Debug|Any CPU
		{C8F2D6D9-127C-4CFB-8DC3-83B0749603FE}.Debug|x64.Build.0 = Debug|Any CPU
		{C8F2D6D9-127C-4CFB-8DC3-83B0749603FE}.Debug|x86.ActiveCfg = Debug|Any CPU
		{C8F2D6D9-127C-4CFB-8DC3-83B0749603FE}.Debug|x86.Build.0 = Debug|Any CPU
		{C8F2D6D9-127C-4CFB-8DC3-83B0749603FE}.Release|Any CPU.ActiveCfg = Release|Any CPU
		{C8F2D6D9-127C-4CFB-8DC3-83B0749603FE}.Release|Any CPU.Build.0 = Release|Any CPU
		{C8F2D6D9-127C-4CFB-8DC3-83B0749603FE}.Release|x64.ActiveCfg = Release|Any CPU
		{C8F2D6D9-127C-4CFB-8DC3-83B0749603FE}.Release|x64.Build.0 = Release|Any CPU
		{C8F2D6D9-127C-4CFB-8DC3-83B0749603FE}.Release|x86.ActiveCfg = Release|Any CPU
		{C8F2D6D9-127C-4CFB-8DC3-83B0749603FE}.Release|x86.Build.0 = Release|Any CPU
		{F3BFF227-0055-4A7E-B1F0-018BA0428E69}.Debug|Any CPU.ActiveCfg = Debug|Any CPU
		{F3BFF227-0055-4A7E-B1F0-018BA0428E69}.Debug|Any CPU.Build.0 = Debug|Any CPU
		{F3BFF227-0055-4A7E-B1F0-018BA0428E69}.Debug|x64.ActiveCfg = Debug|Any CPU
		{F3BFF227-0055-4A7E-B1F0-018BA0428E69}.Debug|x64.Build.0 = Debug|Any CPU
		{F3BFF227-0055-4A7E-B1F0-018BA0428E69}.Debug|x86.ActiveCfg = Debug|Any CPU
		{F3BFF227-0055-4A7E-B1F0-018BA0428E69}.Debug|x86.Build.0 = Debug|Any CPU
		{F3BFF227-0055-4A7E-B1F0-018BA0428E69}.Release|Any CPU.ActiveCfg = Release|Any CPU
		{F3BFF227-0055-4A7E-B1F0-018BA0428E69}.Release|Any CPU.Build.0 = Release|Any CPU
		{F3BFF227-0055-4A7E-B1F0-018BA0428E69}.Release|x64.ActiveCfg = Release|Any CPU
		{F3BFF227-0055-4A7E-B1F0-018BA0428E69}.Release|x64.Build.0 = Release|Any CPU
		{F3BFF227-0055-4A7E-B1F0-018BA0428E69}.Release|x86.ActiveCfg = Release|Any CPU
		{F3BFF227-0055-4A7E-B1F0-018BA0428E69}.Release|x86.Build.0 = Release|Any CPU
		{EF8B0EA6-FB1F-42A3-A19D-0F978514D159}.Debug|Any CPU.ActiveCfg = Debug|Any CPU
		{EF8B0EA6-FB1F-42A3-A19D-0F978514D159}.Debug|Any CPU.Build.0 = Debug|Any CPU
		{EF8B0EA6-FB1F-42A3-A19D-0F978514D159}.Debug|x64.ActiveCfg = Debug|Any CPU
		{EF8B0EA6-FB1F-42A3-A19D-0F978514D159}.Debug|x64.Build.0 = Debug|Any CPU
		{EF8B0EA6-FB1F-42A3-A19D-0F978514D159}.Debug|x86.ActiveCfg = Debug|Any CPU
		{EF8B0EA6-FB1F-42A3-A19D-0F978514D159}.Debug|x86.Build.0 = Debug|Any CPU
		{EF8B0EA6-FB1F-42A3-A19D-0F978514D159}.Release|Any CPU.ActiveCfg = Release|Any CPU
		{EF8B0EA6-FB1F-42A3-A19D-0F978514D159}.Release|Any CPU.Build.0 = Release|Any CPU
		{EF8B0EA6-FB1F-42A3-A19D-0F978514D159}.Release|x64.ActiveCfg = Release|Any CPU
		{EF8B0EA6-FB1F-42A3-A19D-0F978514D159}.Release|x64.Build.0 = Release|Any CPU
		{EF8B0EA6-FB1F-42A3-A19D-0F978514D159}.Release|x86.ActiveCfg = Release|Any CPU
		{EF8B0EA6-FB1F-42A3-A19D-0F978514D159}.Release|x86.Build.0 = Release|Any CPU
		{8ADFE211-D385-4233-9202-235C5BB0A417}.Debug|Any CPU.ActiveCfg = Debug|Any CPU
		{8ADFE211-D385-4233-9202-235C5BB0A417}.Debug|Any CPU.Build.0 = Debug|Any CPU
		{8ADFE211-D385-4233-9202-235C5BB0A417}.Debug|x64.ActiveCfg = Debug|Any CPU
		{8ADFE211-D385-4233-9202-235C5BB0A417}.Debug|x64.Build.0 = Debug|Any CPU
		{8ADFE211-D385-4233-9202-235C5BB0A417}.Debug|x86.ActiveCfg = Debug|Any CPU
		{8ADFE211-D385-4233-9202-235C5BB0A417}.Debug|x86.Build.0 = Debug|Any CPU
		{8ADFE211-D385-4233-9202-235C5BB0A417}.Release|Any CPU.ActiveCfg = Release|Any CPU
		{8ADFE211-D385-4233-9202-235C5BB0A417}.Release|Any CPU.Build.0 = Release|Any CPU
		{8ADFE211-D385-4233-9202-235C5BB0A417}.Release|x64.ActiveCfg = Release|Any CPU
		{8ADFE211-D385-4233-9202-235C5BB0A417}.Release|x64.Build.0 = Release|Any CPU
		{8ADFE211-D385-4233-9202-235C5BB0A417}.Release|x86.ActiveCfg = Release|Any CPU
		{8ADFE211-D385-4233-9202-235C5BB0A417}.Release|x86.Build.0 = Release|Any CPU
		{98AB6D08-0898-49A1-A2E6-5CB6EB906AD0}.Debug|Any CPU.ActiveCfg = Debug|Any CPU
		{98AB6D08-0898-49A1-A2E6-5CB6EB906AD0}.Debug|Any CPU.Build.0 = Debug|Any CPU
		{98AB6D08-0898-49A1-A2E6-5CB6EB906AD0}.Debug|x64.ActiveCfg = Debug|Any CPU
		{98AB6D08-0898-49A1-A2E6-5CB6EB906AD0}.Debug|x64.Build.0 = Debug|Any CPU
		{98AB6D08-0898-49A1-A2E6-5CB6EB906AD0}.Debug|x86.ActiveCfg = Debug|Any CPU
		{98AB6D08-0898-49A1-A2E6-5CB6EB906AD0}.Debug|x86.Build.0 = Debug|Any CPU
		{98AB6D08-0898-49A1-A2E6-5CB6EB906AD0}.Release|Any CPU.ActiveCfg = Release|Any CPU
		{98AB6D08-0898-49A1-A2E6-5CB6EB906AD0}.Release|Any CPU.Build.0 = Release|Any CPU
		{98AB6D08-0898-49A1-A2E6-5CB6EB906AD0}.Release|x64.ActiveCfg = Release|Any CPU
		{98AB6D08-0898-49A1-A2E6-5CB6EB906AD0}.Release|x64.Build.0 = Release|Any CPU
		{98AB6D08-0898-49A1-A2E6-5CB6EB906AD0}.Release|x86.ActiveCfg = Release|Any CPU
		{98AB6D08-0898-49A1-A2E6-5CB6EB906AD0}.Release|x86.Build.0 = Release|Any CPU
		{EDD2A6AE-79E5-4A75-8423-0DA06EF56916}.Debug|Any CPU.ActiveCfg = Debug|Any CPU
		{EDD2A6AE-79E5-4A75-8423-0DA06EF56916}.Debug|Any CPU.Build.0 = Debug|Any CPU
		{EDD2A6AE-79E5-4A75-8423-0DA06EF56916}.Debug|x64.ActiveCfg = Debug|Any CPU
		{EDD2A6AE-79E5-4A75-8423-0DA06EF56916}.Debug|x64.Build.0 = Debug|Any CPU
		{EDD2A6AE-79E5-4A75-8423-0DA06EF56916}.Debug|x86.ActiveCfg = Debug|Any CPU
		{EDD2A6AE-79E5-4A75-8423-0DA06EF56916}.Debug|x86.Build.0 = Debug|Any CPU
		{EDD2A6AE-79E5-4A75-8423-0DA06EF56916}.Release|Any CPU.ActiveCfg = Release|Any CPU
		{EDD2A6AE-79E5-4A75-8423-0DA06EF56916}.Release|Any CPU.Build.0 = Release|Any CPU
		{EDD2A6AE-79E5-4A75-8423-0DA06EF56916}.Release|x64.ActiveCfg = Release|Any CPU
		{EDD2A6AE-79E5-4A75-8423-0DA06EF56916}.Release|x64.Build.0 = Release|Any CPU
		{EDD2A6AE-79E5-4A75-8423-0DA06EF56916}.Release|x86.ActiveCfg = Release|Any CPU
		{EDD2A6AE-79E5-4A75-8423-0DA06EF56916}.Release|x86.Build.0 = Release|Any CPU
	EndGlobalSection
	GlobalSection(SolutionProperties) = preSolution
		HideSolutionNode = FALSE
	EndGlobalSection
	GlobalSection(NestedProjects) = preSolution
		{E2CBD07E-42E2-496F-81EC-F6C2CE7A53D9} = {CA05D040-20AA-4CCE-88DF-336E577A6ADD}
		{694FBCFA-567B-49D7-B9C1-85B898F339F8} = {CA05D040-20AA-4CCE-88DF-336E577A6ADD}
		{6581372C-C8C7-4CA6-9C52-4590F1CBE431} = {CA05D040-20AA-4CCE-88DF-336E577A6ADD}
		{FBA15EF1-2022-413C-B1A0-A2994BABA8B5} = {CA05D040-20AA-4CCE-88DF-336E577A6ADD}
		{2FDA3B43-0EDA-430E-8B38-C308CD28ED0A} = {CA05D040-20AA-4CCE-88DF-336E577A6ADD}
		{A1402743-5811-4594-89D4-EA522C0F54E2} = {CA05D040-20AA-4CCE-88DF-336E577A6ADD}
		{BD3B3FAF-3DB5-4356-9C39-777BB353B5D2} = {CA05D040-20AA-4CCE-88DF-336E577A6ADD}
		{9B829824-F008-45DD-8802-9FEB111CFA1A} = {CA05D040-20AA-4CCE-88DF-336E577A6ADD}
		{E29EBFA1-C82C-44BE-AB92-7E384299645B} = {CA05D040-20AA-4CCE-88DF-336E577A6ADD}
		{A53A3884-4394-4FC9-A10B-D69EEFF98776} = {CA05D040-20AA-4CCE-88DF-336E577A6ADD}
		{FEA18DF3-2C37-4F53-9529-569B5B696CB5} = {CA05D040-20AA-4CCE-88DF-336E577A6ADD}
		{6D54BB9D-5E3B-43B4-8BC0-E9BAEF21B35F} = {CA05D040-20AA-4CCE-88DF-336E577A6ADD}
		{50CFB8DE-8E3C-4464-BA41-8693EEBCF6CD} = {CA05D040-20AA-4CCE-88DF-336E577A6ADD}
		{7B8D09DD-2062-46DF-B81F-F1C9E60F9022} = {CA05D040-20AA-4CCE-88DF-336E577A6ADD}
		{B6C01968-BEEA-4842-9AFD-089236B4BDE0} = {CA05D040-20AA-4CCE-88DF-336E577A6ADD}
		{3F7452BA-AACA-4B45-BDD7-D4C33CEBD242} = {CA05D040-20AA-4CCE-88DF-336E577A6ADD}
		{0033336B-1FA8-49C7-B643-D2A8282EFC41} = {CA05D040-20AA-4CCE-88DF-336E577A6ADD}
		{90783CA6-354A-48DF-B558-A216D611C2D1} = {CA05D040-20AA-4CCE-88DF-336E577A6ADD}
		{C4940E3F-8188-4BB2-9D45-33213F58F60E} = {CA05D040-20AA-4CCE-88DF-336E577A6ADD}
		{7F01D47A-B9DA-4588-85AA-1D32ED6AEF36} = {CA05D040-20AA-4CCE-88DF-336E577A6ADD}
		{B3252D93-0044-4527-91E7-FC0AD87B6ADE} = {CA05D040-20AA-4CCE-88DF-336E577A6ADD}
		{67B642D4-7861-48B3-8372-8121F23DFA0D} = {CA05D040-20AA-4CCE-88DF-336E577A6ADD}
		{0DDBAD5E-458F-428A-89FE-89E9A62A890B} = {CA05D040-20AA-4CCE-88DF-336E577A6ADD}
		{D474C16D-2C9E-469D-AF71-7CD7EB403B6D} = {CA05D040-20AA-4CCE-88DF-336E577A6ADD}
		{1886DD01-B01F-49D6-9AA5-CC890B0F8B7F} = {CA05D040-20AA-4CCE-88DF-336E577A6ADD}
		{57AE4585-0D5F-4B9C-A69E-36389852728B} = {CA05D040-20AA-4CCE-88DF-336E577A6ADD}
		{F9B396F8-B6E7-4F1B-9821-A5EA76D04B79} = {CA05D040-20AA-4CCE-88DF-336E577A6ADD}
		{83E0B45E-A705-412E-91DD-FEBB2DFC7392} = {CA05D040-20AA-4CCE-88DF-336E577A6ADD}
		{D9925CBE-2619-4103-BA1D-2CF9294FC211} = {CA05D040-20AA-4CCE-88DF-336E577A6ADD}
		{5AD6CFD8-36C5-4CAA-8367-B9F90AE1DC35} = {CA05D040-20AA-4CCE-88DF-336E577A6ADD}
		{3A17E5E5-09F5-4D49-98A8-E5BAFB5A294D} = {CA05D040-20AA-4CCE-88DF-336E577A6ADD}
		{3F439948-A18A-4756-AB46-A90579D80A27} = {CA05D040-20AA-4CCE-88DF-336E577A6ADD}
		{149162DD-1718-496A-B1C4-63375100E9E2} = {CA05D040-20AA-4CCE-88DF-336E577A6ADD}
		{C27A0BB0-75E8-4C96-BCB8-BF7AB42DC033} = {CA05D040-20AA-4CCE-88DF-336E577A6ADD}
		{8B3BCB3C-4945-4317-AE7E-D0B6B3A05A3A} = {CA05D040-20AA-4CCE-88DF-336E577A6ADD}
		{C8F2D6D9-127C-4CFB-8DC3-83B0749603FE} = {CA05D040-20AA-4CCE-88DF-336E577A6ADD}
		{F3BFF227-0055-4A7E-B1F0-018BA0428E69} = {CA05D040-20AA-4CCE-88DF-336E577A6ADD}
		{EF8B0EA6-FB1F-42A3-A19D-0F978514D159} = {CA05D040-20AA-4CCE-88DF-336E577A6ADD}
		{8ADFE211-D385-4233-9202-235C5BB0A417} = {CA05D040-20AA-4CCE-88DF-336E577A6ADD}
		{98AB6D08-0898-49A1-A2E6-5CB6EB906AD0} = {CA05D040-20AA-4CCE-88DF-336E577A6ADD}
		{EDD2A6AE-79E5-4A75-8423-0DA06EF56916} = {CA05D040-20AA-4CCE-88DF-336E577A6ADD}
	EndGlobalSection
	GlobalSection(ExtensibilityGlobals) = postSolution
		SolutionGuid = {C688831F-BD89-4B43-8C2F-5D40EBCA8B18}
	EndGlobalSection
EndGlobal
