
Microsoft Visual Studio Solution File, Format Version 12.00
# Visual Studio Version 16
VisualStudioVersion = 16.0.30114.105
MinimumVisualStudioVersion = 10.0.40219.1
Project("{9A19103F-16F7-4668-BE54-9A1E7A4F7556}") = "R5T.S0043", "R5T.S0043\R5T.S0043.csproj", "{6AC51065-CB04-451F-A0E4-8C14693A1115}"
EndProject
Project("{2150E333-8FDC-42A3-9474-1A3956D46DE8}") = "_Dependencies", "_Dependencies", "{CA05D040-20AA-4CCE-88DF-336E577A6ADD}"
EndProject
Project("{9A19103F-16F7-4668-BE54-9A1E7A4F7556}") = "R5T.T0132", "..\..\R5T.T0132\source\R5T.T0132\R5T.T0132.csproj", "{E2CBD07E-42E2-496F-81EC-F6C2CE7A53D9}"
EndProject
Global
	GlobalSection(SolutionConfigurationPlatforms) = preSolution
		Debug|Any CPU = Debug|Any CPU
		Debug|x64 = Debug|x64
		Debug|x86 = Debug|x86
		Release|Any CPU = Release|Any CPU
		Release|x64 = Release|x64
		Release|x86 = Release|x86
	EndGlobalSection
	GlobalSection(ProjectConfigurationPlatforms) = postSolution
		{6AC51065-CB04-451F-A0E4-8C14693A1115}.Debug|Any CPU.ActiveCfg = Debug|Any CPU
		{6AC51065-CB04-451F-A0E4-8C14693A1115}.Debug|Any CPU.Build.0 = Debug|Any CPU
		{6AC51065-CB04-451F-A0E4-8C14693A1115}.Debug|x64.ActiveCfg = Debug|Any CPU
		{6AC51065-CB04-451F-A0E4-8C14693A1115}.Debug|x64.Build.0 = Debug|Any CPU
		{6AC51065-CB04-451F-A0E4-8C14693A1115}.Debug|x86.ActiveCfg = Debug|Any CPU
		{6AC51065-CB04-451F-A0E4-8C14693A1115}.Debug|x86.Build.0 = Debug|Any CPU
		{6AC51065-CB04-451F-A0E4-8C14693A1115}.Release|Any CPU.ActiveCfg = Release|Any CPU
		{6AC51065-CB04-451F-A0E4-8C14693A1115}.Release|Any CPU.Build.0 = Release|Any CPU
		{6AC51065-CB04-451F-A0E4-8C14693A1115}.Release|x64.ActiveCfg = Release|Any CPU
		{6AC51065-CB04-451F-A0E4-8C14693A1115}.Release|x64.Build.0 = Release|Any CPU
		{6AC51065-CB04-451F-A0E4-8C14693A1115}.Release|x86.ActiveCfg = Release|Any CPU
		{6AC51065-CB04-451F-A0E4-8C14693A1115}.Release|x86.Build.0 = Release|Any CPU
		{E2CBD07E-42E2-496F-81EC-F6C2CE7A53D9}.Debug|Any CPU.ActiveCfg = Debug|Any CPU
		{E2CBD07E-42E2-496F-81EC-F6C2CE7A53D9}.Debug|Any CPU.Build.0 = Debug|Any CPU
		{E2CBD07E-42E2-496F-81EC-F6C2CE7A53D9}.Debug|x64.ActiveCfg = Debug|Any CPU
		{E2CBD07E-42E2-496F-81EC-F6C2CE7A53D9}.Debug|x64.Build.0 = Debug|Any CPU
		{E2CBD07E-42E2-496F-81EC-F6C2CE7A53D9}.Debug|x86.ActiveCfg = Debug|Any CPU
		{E2CBD07E-42E2-496F-81EC-F6C2CE7A53D9}.Debug|x86.Build.0 = Debug|Any CPU
		{E2CBD07E-42E2-496F-81EC-F6C2CE7A53D9}.Release|Any CPU.ActiveCfg = Release|Any CPU
		{E2CBD07E-42E2-496F-81EC-F6C2CE7A53D9}.Release|Any CPU.Build.0 = Release|Any CPU
		{E2CBD07E-42E2-496F-81EC-F6C2CE7A53D9}.Release|x64.ActiveCfg = Release|Any CPU
		{E2CBD07E-42E2-496F-81EC-F6C2CE7A53D9}.Release|x64.Build.0 = Release|Any CPU
		{E2CBD07E-42E2-496F-81EC-F6C2CE7A53D9}.Release|x86.ActiveCfg = Release|Any CPU
		{E2CBD07E-42E2-496F-81EC-F6C2CE7A53D9}.Release|x86.Build.0 = Release|Any CPU
	EndGlobalSection
	GlobalSection(SolutionProperties) = preSolution
		HideSolutionNode = FALSE
	EndGlobalSection
	GlobalSection(NestedProjects) = preSolution
		{E2CBD07E-42E2-496F-81EC-F6C2CE7A53D9} = {CA05D040-20AA-4CCE-88DF-336E577A6ADD}
	EndGlobalSection
	GlobalSection(ExtensibilityGlobals) = postSolution
		SolutionGuid = {C688831F-BD89-4B43-8C2F-5D40EBCA8B18}
	EndGlobalSection
EndGlobal
